
Microsoft Visual Studio Solution File, Format Version 12.00
# Visual Studio 15
VisualStudioVersion = 15.0.28307.1401
MinimumVisualStudioVersion = 10.0.40219.1
Project("{FAE04EC0-301F-11D3-BF4B-00C04F79EFBC}") = "ShopsManager", "ShopsManager\ShopsManager.csproj", "{39BB7D5E-E7D9-408C-A23F-2555C1FA3825}"
EndProject
Global
	GlobalSection(SolutionConfigurationPlatforms) = preSolution
		Debug|Any CPU = Debug|Any CPU
		Release|Any CPU = Release|Any CPU
	EndGlobalSection
	GlobalSection(ProjectConfigurationPlatforms) = postSolution
		{39BB7D5E-E7D9-408C-A23F-2555C1FA3825}.Debug|Any CPU.ActiveCfg = Debug|Any CPU
		{39BB7D5E-E7D9-408C-A23F-2555C1FA3825}.Debug|Any CPU.Build.0 = Debug|Any CPU
		{39BB7D5E-E7D9-408C-A23F-2555C1FA3825}.Release|Any CPU.ActiveCfg = Release|Any CPU
		{39BB7D5E-E7D9-408C-A23F-2555C1FA3825}.Release|Any CPU.Build.0 = Release|Any CPU
	EndGlobalSection
	GlobalSection(SolutionProperties) = preSolution
		HideSolutionNode = FALSE
	EndGlobalSection
	GlobalSection(ExtensibilityGlobals) = postSolution
		SolutionGuid = {361CDB27-1923-4CB5-9176-607C5933C3A9}
	EndGlobalSection
EndGlobal
